// !$*UTF8*$!
{
	archiveVersion = 1;
	classes = {
	};
	objectVersion = 50;
	objects = {

/* Begin PBXBuildFile section */
		2805C28A23B67FA6004D06B3 /* AppDelegate.swift in Sources */ = {isa = PBXBuildFile; fileRef = 2805C28923B67FA6004D06B3 /* AppDelegate.swift */; };
		2805C28C23B67FA6004D06B3 /* GameScene.sks in Resources */ = {isa = PBXBuildFile; fileRef = 2805C28B23B67FA6004D06B3 /* GameScene.sks */; };
		2805C28E23B67FA6004D06B3 /* Actions.sks in Resources */ = {isa = PBXBuildFile; fileRef = 2805C28D23B67FA6004D06B3 /* Actions.sks */; };
		2805C29023B67FA6004D06B3 /* GameScene.swift in Sources */ = {isa = PBXBuildFile; fileRef = 2805C28F23B67FA6004D06B3 /* GameScene.swift */; };
		2805C29223B67FA6004D06B3 /* GameViewController.swift in Sources */ = {isa = PBXBuildFile; fileRef = 2805C29123B67FA6004D06B3 /* GameViewController.swift */; };
		2805C29523B67FA6004D06B3 /* Main.storyboard in Resources */ = {isa = PBXBuildFile; fileRef = 2805C29323B67FA6004D06B3 /* Main.storyboard */; };
		2805C29723B67FA7004D06B3 /* Assets.xcassets in Resources */ = {isa = PBXBuildFile; fileRef = 2805C29623B67FA7004D06B3 /* Assets.xcassets */; };
		2805C29A23B67FA7004D06B3 /* LaunchScreen.storyboard in Resources */ = {isa = PBXBuildFile; fileRef = 2805C29823B67FA7004D06B3 /* LaunchScreen.storyboard */; };
		2805C2A423B6808B004D06B3 /* score.wav in Resources */ = {isa = PBXBuildFile; fileRef = 2805C2A223B6808A004D06B3 /* score.wav */; };
		2805C2A523B6808B004D06B3 /* explosion.wav in Resources */ = {isa = PBXBuildFile; fileRef = 2805C2A323B6808B004D06B3 /* explosion.wav */; };
		2805C2A723B68099004D06B3 /* balloon-game.mp3 in Resources */ = {isa = PBXBuildFile; fileRef = 2805C2A623B68099004D06B3 /* balloon-game.mp3 */; };
/* End PBXBuildFile section */

/* Begin PBXFileReference section */
		2805C28623B67FA5004D06B3 /* BumpyBalloon.app */ = {isa = PBXFileReference; explicitFileType = wrapper.application; includeInIndex = 0; path = BumpyBalloon.app; sourceTree = BUILT_PRODUCTS_DIR; };
		2805C28923B67FA6004D06B3 /* AppDelegate.swift */ = {isa = PBXFileReference; lastKnownFileType = sourcecode.swift; path = AppDelegate.swift; sourceTree = "<group>"; };
		2805C28B23B67FA6004D06B3 /* GameScene.sks */ = {isa = PBXFileReference; lastKnownFileType = file.sks; path = GameScene.sks; sourceTree = "<group>"; };
		2805C28D23B67FA6004D06B3 /* Actions.sks */ = {isa = PBXFileReference; lastKnownFileType = file.sks; path = Actions.sks; sourceTree = "<group>"; };
		2805C28F23B67FA6004D06B3 /* GameScene.swift */ = {isa = PBXFileReference; lastKnownFileType = sourcecode.swift; path = GameScene.swift; sourceTree = "<group>"; };
		2805C29123B67FA6004D06B3 /* GameViewController.swift */ = {isa = PBXFileReference; lastKnownFileType = sourcecode.swift; path = GameViewController.swift; sourceTree = "<group>"; };
		2805C29423B67FA6004D06B3 /* Base */ = {isa = PBXFileReference; lastKnownFileType = file.storyboard; name = Base; path = Base.lproj/Main.storyboard; sourceTree = "<group>"; };
		2805C29623B67FA7004D06B3 /* Assets.xcassets */ = {isa = PBXFileReference; lastKnownFileType = folder.assetcatalog; path = Assets.xcassets; sourceTree = "<group>"; };
		2805C29923B67FA7004D06B3 /* Base */ = {isa = PBXFileReference; lastKnownFileType = file.storyboard; name = Base; path = Base.lproj/LaunchScreen.storyboard; sourceTree = "<group>"; };
		2805C29B23B67FA7004D06B3 /* Info.plist */ = {isa = PBXFileReference; lastKnownFileType = text.plist.xml; path = Info.plist; sourceTree = "<group>"; };
		2805C2A223B6808A004D06B3 /* score.wav */ = {isa = PBXFileReference; lastKnownFileType = audio.wav; path = score.wav; sourceTree = "<group>"; };
		2805C2A323B6808B004D06B3 /* explosion.wav */ = {isa = PBXFileReference; lastKnownFileType = audio.wav; path = explosion.wav; sourceTree = "<group>"; };
		2805C2A623B68099004D06B3 /* balloon-game.mp3 */ = {isa = PBXFileReference; lastKnownFileType = audio.mp3; path = "balloon-game.mp3"; sourceTree = "<group>"; };
/* End PBXFileReference section */

/* Begin PBXFrameworksBuildPhase section */
		2805C28323B67FA5004D06B3 /* Frameworks */ = {
			isa = PBXFrameworksBuildPhase;
			buildActionMask = 2147483647;
			files = (
			);
			runOnlyForDeploymentPostprocessing = 0;
		};
/* End PBXFrameworksBuildPhase section */

/* Begin PBXGroup section */
		2805C27D23B67FA5004D06B3 = {
			isa = PBXGroup;
			children = (
				2805C28823B67FA5004D06B3 /* BumpyBalloon */,
				2805C28723B67FA5004D06B3 /* Products */,
			);
			sourceTree = "<group>";
		};
		2805C28723B67FA5004D06B3 /* Products */ = {
			isa = PBXGroup;
			children = (
				2805C28623B67FA5004D06B3 /* BumpyBalloon.app */,
			);
			name = Products;
			sourceTree = "<group>";
		};
		2805C28823B67FA5004D06B3 /* BumpyBalloon */ = {
			isa = PBXGroup;
			children = (
				2805C2A123B68078004D06B3 /* Sounds */,
				2805C28923B67FA6004D06B3 /* AppDelegate.swift */,
				2805C28B23B67FA6004D06B3 /* GameScene.sks */,
				2805C28D23B67FA6004D06B3 /* Actions.sks */,
				2805C28F23B67FA6004D06B3 /* GameScene.swift */,
				2805C29123B67FA6004D06B3 /* GameViewController.swift */,
				2805C29323B67FA6004D06B3 /* Main.storyboard */,
				2805C29623B67FA7004D06B3 /* Assets.xcassets */,
				2805C29823B67FA7004D06B3 /* LaunchScreen.storyboard */,
				2805C29B23B67FA7004D06B3 /* Info.plist */,
			);
			path = BumpyBalloon;
			sourceTree = "<group>";
		};
		2805C2A123B68078004D06B3 /* Sounds */ = {
			isa = PBXGroup;
			children = (
				2805C2A623B68099004D06B3 /* balloon-game.mp3 */,
				2805C2A323B6808B004D06B3 /* explosion.wav */,
				2805C2A223B6808A004D06B3 /* score.wav */,
			);
			path = Sounds;
			sourceTree = "<group>";
		};
/* End PBXGroup section */

/* Begin PBXNativeTarget section */
		2805C28523B67FA5004D06B3 /* BumpyBalloon */ = {
			isa = PBXNativeTarget;
			buildConfigurationList = 2805C29E23B67FA7004D06B3 /* Build configuration list for PBXNativeTarget "BumpyBalloon" */;
			buildPhases = (
				2805C28223B67FA5004D06B3 /* Sources */,
				2805C28323B67FA5004D06B3 /* Frameworks */,
				2805C28423B67FA5004D06B3 /* Resources */,
			);
			buildRules = (
			);
			dependencies = (
			);
			name = BumpyBalloon;
			productName = BumpyBalloon;
			productReference = 2805C28623B67FA5004D06B3 /* BumpyBalloon.app */;
			productType = "com.apple.product-type.application";
		};
/* End PBXNativeTarget section */

/* Begin PBXProject section */
		2805C27E23B67FA5004D06B3 /* Project object */ = {
			isa = PBXProject;
			attributes = {
				LastSwiftUpdateCheck = 1130;
				LastUpgradeCheck = 1130;
				ORGANIZATIONNAME = DreamDev;
				TargetAttributes = {
					2805C28523B67FA5004D06B3 = {
						CreatedOnToolsVersion = 11.3;
					};
				};
			};
			buildConfigurationList = 2805C28123B67FA5004D06B3 /* Build configuration list for PBXProject "BumpyBalloon" */;
			compatibilityVersion = "Xcode 9.3";
			developmentRegion = en;
			hasScannedForEncodings = 0;
			knownRegions = (
				en,
				Base,
			);
			mainGroup = 2805C27D23B67FA5004D06B3;
			productRefGroup = 2805C28723B67FA5004D06B3 /* Products */;
			projectDirPath = "";
			projectRoot = "";
			targets = (
				2805C28523B67FA5004D06B3 /* BumpyBalloon */,
			);
		};
/* End PBXProject section */

/* Begin PBXResourcesBuildPhase section */
		2805C28423B67FA5004D06B3 /* Resources */ = {
			isa = PBXResourcesBuildPhase;
			buildActionMask = 2147483647;
			files = (
				2805C29523B67FA6004D06B3 /* Main.storyboard in Resources */,
				2805C2A423B6808B004D06B3 /* score.wav in Resources */,
				2805C2A523B6808B004D06B3 /* explosion.wav in Resources */,
				2805C28C23B67FA6004D06B3 /* GameScene.sks in Resources */,
				2805C2A723B68099004D06B3 /* balloon-game.mp3 in Resources */,
				2805C29723B67FA7004D06B3 /* Assets.xcassets in Resources */,
				2805C29A23B67FA7004D06B3 /* LaunchScreen.storyboard in Resources */,
				2805C28E23B67FA6004D06B3 /* Actions.sks in Resources */,
			);
			runOnlyForDeploymentPostprocessing = 0;
		};
/* End PBXResourcesBuildPhase section */

/* Begin PBXSourcesBuildPhase section */
		2805C28223B67FA5004D06B3 /* Sources */ = {
			isa = PBXSourcesBuildPhase;
			buildActionMask = 2147483647;
			files = (
				2805C29023B67FA6004D06B3 /* GameScene.swift in Sources */,
				2805C29223B67FA6004D06B3 /* GameViewController.swift in Sources */,
				2805C28A23B67FA6004D06B3 /* AppDelegate.swift in Sources */,
			);
			runOnlyForDeploymentPostprocessing = 0;
		};
/* End PBXSourcesBuildPhase section */

/* Begin PBXVariantGroup section */
		2805C29323B67FA6004D06B3 /* Main.storyboard */ = {
			isa = PBXVariantGroup;
			children = (
				2805C29423B67FA6004D06B3 /* Base */,
			);
			name = Main.storyboard;
			sourceTree = "<group>";
		};
		2805C29823B67FA7004D06B3 /* LaunchScreen.storyboard */ = {
			isa = PBXVariantGroup;
			children = (
				2805C29923B67FA7004D06B3 /* Base */,
			);
			name = LaunchScreen.storyboard;
			sourceTree = "<group>";
		};
/* End PBXVariantGroup section */

/* Begin XCBuildConfiguration section */
		2805C29C23B67FA7004D06B3 /* Debug */ = {
			isa = XCBuildConfiguration;
			buildSettings = {
				ALWAYS_SEARCH_USER_PATHS = NO;
				CLANG_ANALYZER_NONNULL = YES;
				CLANG_ANALYZER_NUMBER_OBJECT_CONVERSION = YES_AGGRESSIVE;
				CLANG_CXX_LANGUAGE_STANDARD = "gnu++14";
				CLANG_CXX_LIBRARY = "libc++";
				CLANG_ENABLE_MODULES = YES;
				CLANG_ENABLE_OBJC_ARC = YES;
				CLANG_ENABLE_OBJC_WEAK = YES;
				CLANG_WARN_BLOCK_CAPTURE_AUTORELEASING = YES;
				CLANG_WARN_BOOL_CONVERSION = YES;
				CLANG_WARN_COMMA = YES;
				CLANG_WARN_CONSTANT_CONVERSION = YES;
				CLANG_WARN_DEPRECATED_OBJC_IMPLEMENTATIONS = YES;
				CLANG_WARN_DIRECT_OBJC_ISA_USAGE = YES_ERROR;
				CLANG_WARN_DOCUMENTATION_COMMENTS = YES;
				CLANG_WARN_EMPTY_BODY = YES;
				CLANG_WARN_ENUM_CONVERSION = YES;
				CLANG_WARN_INFINITE_RECURSION = YES;
				CLANG_WARN_INT_CONVERSION = YES;
				CLANG_WARN_NON_LITERAL_NULL_CONVERSION = YES;
				CLANG_WARN_OBJC_IMPLICIT_RETAIN_SELF = YES;
				CLANG_WARN_OBJC_LITERAL_CONVERSION = YES;
				CLANG_WARN_OBJC_ROOT_CLASS = YES_ERROR;
				CLANG_WARN_RANGE_LOOP_ANALYSIS = YES;
				CLANG_WARN_STRICT_PROTOTYPES = YES;
				CLANG_WARN_SUSPICIOUS_MOVE = YES;
				CLANG_WARN_UNGUARDED_AVAILABILITY = YES_AGGRESSIVE;
				CLANG_WARN_UNREACHABLE_CODE = YES;
				CLANG_WARN__DUPLICATE_METHOD_MATCH = YES;
				COPY_PHASE_STRIP = NO;
				DEBUG_INFORMATION_FORMAT = dwarf;
				ENABLE_STRICT_OBJC_MSGSEND = YES;
				ENABLE_TESTABILITY = YES;
				GCC_C_LANGUAGE_STANDARD = gnu11;
				GCC_DYNAMIC_NO_PIC = NO;
				GCC_NO_COMMON_BLOCKS = YES;
				GCC_OPTIMIZATION_LEVEL = 0;
				GCC_PREPROCESSOR_DEFINITIONS = (
					"DEBUG=1",
					"$(inherited)",
				);
				GCC_WARN_64_TO_32_BIT_CONVERSION = YES;
				GCC_WARN_ABOUT_RETURN_TYPE = YES_ERROR;
				GCC_WARN_UNDECLARED_SELECTOR = YES;
				GCC_WARN_UNINITIALIZED_AUTOS = YES_AGGRESSIVE;
				GCC_WARN_UNUSED_FUNCTION = YES;
				GCC_WARN_UNUSED_VARIABLE = YES;
				IPHONEOS_DEPLOYMENT_TARGET = 13.2;
				MTL_ENABLE_DEBUG_INFO = INCLUDE_SOURCE;
				MTL_FAST_MATH = YES;
				ONLY_ACTIVE_ARCH = YES;
				SDKROOT = iphoneos;
				SWIFT_ACTIVE_COMPILATION_CONDITIONS = DEBUG;
				SWIFT_OPTIMIZATION_LEVEL = "-Onone";
			};
			name = Debug;
		};
		2805C29D23B67FA7004D06B3 /* Release */ = {
			isa = XCBuildConfiguration;
			buildSettings = {
				ALWAYS_SEARCH_USER_PATHS = NO;
				CLANG_ANALYZER_NONNULL = YES;
				CLANG_ANALYZER_NUMBER_OBJECT_CONVERSION = YES_AGGRESSIVE;
				CLANG_CXX_LANGUAGE_STANDARD = "gnu++14";
				CLANG_CXX_LIBRARY = "libc++";
				CLANG_ENABLE_MODULES = YES;
				CLANG_ENABLE_OBJC_ARC = YES;
				CLANG_ENABLE_OBJC_WEAK = YES;
				CLANG_WARN_BLOCK_CAPTURE_AUTORELEASING = YES;
				CLANG_WARN_BOOL_CONVERSION = YES;
				CLANG_WARN_COMMA = YES;
				CLANG_WARN_CONSTANT_CONVERSION = YES;
				CLANG_WARN_DEPRECATED_OBJC_IMPLEMENTATIONS = YES;
				CLANG_WARN_DIRECT_OBJC_ISA_USAGE = YES_ERROR;
				CLANG_WARN_DOCUMENTATION_COMMENTS = YES;
				CLANG_WARN_EMPTY_BODY = YES;
				CLANG_WARN_ENUM_CONVERSION = YES;
				CLANG_WARN_INFINITE_RECURSION = YES;
				CLANG_WARN_INT_CONVERSION = YES;
				CLANG_WARN_NON_LITERAL_NULL_CONVERSION = YES;
				CLANG_WARN_OBJC_IMPLICIT_RETAIN_SELF = YES;
				CLANG_WARN_OBJC_LITERAL_CONVERSION = YES;
				CLANG_WARN_OBJC_ROOT_CLASS = YES_ERROR;
				CLANG_WARN_RANGE_LOOP_ANALYSIS = YES;
				CLANG_WARN_STRICT_PROTOTYPES = YES;
				CLANG_WARN_SUSPICIOUS_MOVE = YES;
				CLANG_WARN_UNGUARDED_AVAILABILITY = YES_AGGRESSIVE;
				CLANG_WARN_UNREACHABLE_CODE = YES;
				CLANG_WARN__DUPLICATE_METHOD_MATCH = YES;
				COPY_PHASE_STRIP = NO;
				DEBUG_INFORMATION_FORMAT = "dwarf-with-dsym";
				ENABLE_NS_ASSERTIONS = NO;
				ENABLE_STRICT_OBJC_MSGSEND = YES;
				GCC_C_LANGUAGE_STANDARD = gnu11;
				GCC_NO_COMMON_BLOCKS = YES;
				GCC_WARN_64_TO_32_BIT_CONVERSION = YES;
				GCC_WARN_ABOUT_RETURN_TYPE = YES_ERROR;
				GCC_WARN_UNDECLARED_SELECTOR = YES;
				GCC_WARN_UNINITIALIZED_AUTOS = YES_AGGRESSIVE;
				GCC_WARN_UNUSED_FUNCTION = YES;
				GCC_WARN_UNUSED_VARIABLE = YES;
				IPHONEOS_DEPLOYMENT_TARGET = 13.2;
				MTL_ENABLE_DEBUG_INFO = NO;
				MTL_FAST_MATH = YES;
				SDKROOT = iphoneos;
				SWIFT_COMPILATION_MODE = wholemodule;
				SWIFT_OPTIMIZATION_LEVEL = "-O";
				VALIDATE_PRODUCT = YES;
			};
			name = Release;
		};
		2805C29F23B67FA7004D06B3 /* Debug */ = {
			isa = XCBuildConfiguration;
			buildSettings = {
				ASSETCATALOG_COMPILER_APPICON_NAME = AppIcon;
				CODE_SIGN_STYLE = Automatic;
				DEVELOPMENT_TEAM = Q9QJZL48ZZ;
				INFOPLIST_FILE = BumpyBalloon/Info.plist;
				LD_RUNPATH_SEARCH_PATHS = (
					"$(inherited)",
					"@executable_path/Frameworks",
				);
				PRODUCT_BUNDLE_IDENTIFIER = DreamDev.BumpyBalloon;
				PRODUCT_NAME = "$(TARGET_NAME)";
				SWIFT_VERSION = 5.0;
				TARGETED_DEVICE_FAMILY = "1,2";
			};
			name = Debug;
		};
		2805C2A023B67FA7004D06B3 /* Release */ = {
			isa = XCBuildConfiguration;
			buildSettings = {
				ASSETCATALOG_COMPILER_APPICON_NAME = AppIcon;
				CODE_SIGN_STYLE = Automatic;
				DEVELOPMENT_TEAM = Q9QJZL48ZZ;
				INFOPLIST_FILE = BumpyBalloon/Info.plist;
				LD_RUNPATH_SEARCH_PATHS = (
					"$(inherited)",
					"@executable_path/Frameworks",
				);
				PRODUCT_BUNDLE_IDENTIFIER = DreamDev.BumpyBalloon;
				PRODUCT_NAME = "$(TARGET_NAME)";
				SWIFT_VERSION = 5.0;
				TARGETED_DEVICE_FAMILY = "1,2";
			};
			name = Release;
		};
/* End XCBuildConfiguration section */

/* Begin XCConfigurationList section */
		2805C28123B67FA5004D06B3 /* Build configuration list for PBXProject "BumpyBalloon" */ = {
			isa = XCConfigurationList;
			buildConfigurations = (
				2805C29C23B67FA7004D06B3 /* Debug */,
				2805C29D23B67FA7004D06B3 /* Release */,
			);
			defaultConfigurationIsVisible = 0;
			defaultConfigurationName = Release;
		};
		2805C29E23B67FA7004D06B3 /* Build configuration list for PBXNativeTarget "BumpyBalloon" */ = {
			isa = XCConfigurationList;
			buildConfigurations = (
				2805C29F23B67FA7004D06B3 /* Debug */,
				2805C2A023B67FA7004D06B3 /* Release */,
			);
			defaultConfigurationIsVisible = 0;
			defaultConfigurationName = Release;
		};
/* End XCConfigurationList section */
	};
	rootObject = 2805C27E23B67FA5004D06B3 /* Project object */;
}
